
Microsoft Visual Studio Solution File, Format Version 12.00
# Visual Studio Version 16
VisualStudioVersion = 16.0.30611.23
MinimumVisualStudioVersion = 10.0.40219.1
Project("{FAE04EC0-301F-11D3-BF4B-00C04F79EFBC}") = "TwoTables", "TwoTables.csproj", "{D2E4A45B-8A1B-4463-9D7F-A05F9316F96C}"
EndProject
Global
	GlobalSection(SolutionConfigurationPlatforms) = preSolution
		Debug|Any CPU = Debug|Any CPU
		Release|Any CPU = Release|Any CPU
	EndGlobalSection
	GlobalSection(ProjectConfigurationPlatforms) = postSolution
		{D2E4A45B-8A1B-4463-9D7F-A05F9316F96C}.Debug|Any CPU.ActiveCfg = Debug|Any CPU
		{D2E4A45B-8A1B-4463-9D7F-A05F9316F96C}.Debug|Any CPU.Build.0 = Debug|Any CPU
		{D2E4A45B-8A1B-4463-9D7F-A05F9316F96C}.Release|Any CPU.ActiveCfg = Release|Any CPU
		{D2E4A45B-8A1B-4463-9D7F-A05F9316F96C}.Release|Any CPU.Build.0 = Release|Any CPU
	EndGlobalSection
	GlobalSection(SolutionProperties) = preSolution
		HideSolutionNode = FALSE
	EndGlobalSection
	GlobalSection(ExtensibilityGlobals) = postSolution
		SolutionGuid = {B0829A1C-72FD-4AFF-B3AF-EBA5C056E6D9}
	EndGlobalSection
EndGlobal
