
Microsoft Visual Studio Solution File, Format Version 12.00
# Visual Studio Version 16
VisualStudioVersion = 16.0.30611.23
MinimumVisualStudioVersion = 10.0.40219.1
Project("{FAE04EC0-301F-11D3-BF4B-00C04F79EFBC}") = "Identity-WebApp", "Identity-WebApp.csproj", "{2AE3DDAD-7297-4A93-A9B6-C627BA0A2A7F}"
EndProject
Global
	GlobalSection(SolutionConfigurationPlatforms) = preSolution
		Debug|Any CPU = Debug|Any CPU
		Release|Any CPU = Release|Any CPU
	EndGlobalSection
	GlobalSection(ProjectConfigurationPlatforms) = postSolution
		{2AE3DDAD-7297-4A93-A9B6-C627BA0A2A7F}.Debug|Any CPU.ActiveCfg = Debug|Any CPU
		{2AE3DDAD-7297-4A93-A9B6-C627BA0A2A7F}.Debug|Any CPU.Build.0 = Debug|Any CPU
		{2AE3DDAD-7297-4A93-A9B6-C627BA0A2A7F}.Release|Any CPU.ActiveCfg = Release|Any CPU
		{2AE3DDAD-7297-4A93-A9B6-C627BA0A2A7F}.Release|Any CPU.Build.0 = Release|Any CPU
	EndGlobalSection
	GlobalSection(SolutionProperties) = preSolution
		HideSolutionNode = FALSE
	EndGlobalSection
	GlobalSection(ExtensibilityGlobals) = postSolution
		SolutionGuid = {90F46DD9-1819-4FDA-A806-735B33A83421}
	EndGlobalSection
EndGlobal
